
Microsoft Visual Studio Solution File, Format Version 12.00
# Visual Studio Version 16
VisualStudioVersion = 16.0.29001.49
MinimumVisualStudioVersion = 10.0.40219.1
Project("{FAE04EC0-301F-11D3-BF4B-00C04F79EFBC}") = "SqlCustomAssemblyLoad", "SqlCustomAssemblyLoad\SqlCustomAssemblyLoad.csproj", "{9510DD2A-EA85-4309-8B29-F491032A28A2}"
EndProject
Global
	GlobalSection(SolutionConfigurationPlatforms) = preSolution
		Debug|Any CPU = Debug|Any CPU
		Debug|x64 = Debug|x64
		Release|Any CPU = Release|Any CPU
		Release|x64 = Release|x64
	EndGlobalSection
	GlobalSection(ProjectConfigurationPlatforms) = postSolution
		{9510DD2A-EA85-4309-8B29-F491032A28A2}.Debug|Any CPU.ActiveCfg = Debug|Any CPU
		{9510DD2A-EA85-4309-8B29-F491032A28A2}.Debug|Any CPU.Build.0 = Debug|Any CPU
		{9510DD2A-EA85-4309-8B29-F491032A28A2}.Debug|x64.ActiveCfg = Debug|x64
		{9510DD2A-EA85-4309-8B29-F491032A28A2}.Debug|x64.Build.0 = Debug|x64
		{9510DD2A-EA85-4309-8B29-F491032A28A2}.Release|Any CPU.ActiveCfg = Release|Any CPU
		{9510DD2A-EA85-4309-8B29-F491032A28A2}.Release|Any CPU.Build.0 = Release|Any CPU
		{9510DD2A-EA85-4309-8B29-F491032A28A2}.Release|x64.ActiveCfg = Release|x64
		{9510DD2A-EA85-4309-8B29-F491032A28A2}.Release|x64.Build.0 = Release|x64
	EndGlobalSection
	GlobalSection(SolutionProperties) = preSolution
		HideSolutionNode = FALSE
	EndGlobalSection
	GlobalSection(ExtensibilityGlobals) = postSolution
		SolutionGuid = {B18BFF5E-3008-4D35-86F7-0E6CBED33250}
	EndGlobalSection
EndGlobal
